
Microsoft Visual Studio Solution File, Format Version 12.00
# Visual Studio Version 17
VisualStudioVersion = 17.0.31903.59
MinimumVisualStudioVersion = 10.0.40219.1
Project("{2150E333-8FDC-42A3-9474-1A3956D46DE8}") = "src", "src", "{827E0CD3-B72D-47B6-A68D-7590B98EB39B}"
EndProject
Project("{FAE04EC0-301F-11D3-BF4B-00C04F79EFBC}") = "Api", "src\Api\Api.csproj", "{78E00622-5AF5-4E0F-919A-94BBDCC45176}"
EndProject
Project("{FAE04EC0-301F-11D3-BF4B-00C04F79EFBC}") = "Domain", "src\Domain\Domain.csproj", "{22BB0874-2694-4E6C-BA17-87B2599AFA62}"
EndProject
Project("{FAE04EC0-301F-11D3-BF4B-00C04F79EFBC}") = "Application", "src\Application\Application.csproj", "{8BCEC889-1A51-4A0A-8014-27214ECD7739}"
EndProject
Project("{FAE04EC0-301F-11D3-BF4B-00C04F79EFBC}") = "Infrastructure", "src\Infrastructure\Infrastructure.csproj", "{9C41B7ED-A923-4878-A7BA-3992E697144A}"
EndProject
Project("{2150E333-8FDC-42A3-9474-1A3956D46DE8}") = "tests", "tests", "{0AB3BF05-4346-4AA6-1389-037BE0695223}"
EndProject
Project("{FAE04EC0-301F-11D3-BF4B-00C04F79EFBC}") = "UnitTests", "tests\UnitTests\UnitTests.csproj", "{DCDB6D07-EC8F-4E8A-B6C8-A3B9089F9069}"
EndProject
Global
	GlobalSection(SolutionConfigurationPlatforms) = preSolution
		Debug|Any CPU = Debug|Any CPU
		Debug|x64 = Debug|x64
		Debug|x86 = Debug|x86
		Release|Any CPU = Release|Any CPU
		Release|x64 = Release|x64
		Release|x86 = Release|x86
	EndGlobalSection
	GlobalSection(ProjectConfigurationPlatforms) = postSolution
		{78E00622-5AF5-4E0F-919A-94BBDCC45176}.Debug|Any CPU.ActiveCfg = Debug|Any CPU
		{78E00622-5AF5-4E0F-919A-94BBDCC45176}.Debug|Any CPU.Build.0 = Debug|Any CPU
		{78E00622-5AF5-4E0F-919A-94BBDCC45176}.Debug|x64.ActiveCfg = Debug|Any CPU
		{78E00622-5AF5-4E0F-919A-94BBDCC45176}.Debug|x64.Build.0 = Debug|Any CPU
		{78E00622-5AF5-4E0F-919A-94BBDCC45176}.Debug|x86.ActiveCfg = Debug|Any CPU
		{78E00622-5AF5-4E0F-919A-94BBDCC45176}.Debug|x86.Build.0 = Debug|Any CPU
		{78E00622-5AF5-4E0F-919A-94BBDCC45176}.Release|Any CPU.ActiveCfg = Release|Any CPU
		{78E00622-5AF5-4E0F-919A-94BBDCC45176}.Release|Any CPU.Build.0 = Release|Any CPU
		{78E00622-5AF5-4E0F-919A-94BBDCC45176}.Release|x64.ActiveCfg = Release|Any CPU
		{78E00622-5AF5-4E0F-919A-94BBDCC45176}.Release|x64.Build.0 = Release|Any CPU
		{78E00622-5AF5-4E0F-919A-94BBDCC45176}.Release|x86.ActiveCfg = Release|Any CPU
		{78E00622-5AF5-4E0F-919A-94BBDCC45176}.Release|x86.Build.0 = Release|Any CPU
		{22BB0874-2694-4E6C-BA17-87B2599AFA62}.Debug|Any CPU.ActiveCfg = Debug|Any CPU
		{22BB0874-2694-4E6C-BA17-87B2599AFA62}.Debug|Any CPU.Build.0 = Debug|Any CPU
		{22BB0874-2694-4E6C-BA17-87B2599AFA62}.Debug|x64.ActiveCfg = Debug|Any CPU
		{22BB0874-2694-4E6C-BA17-87B2599AFA62}.Debug|x64.Build.0 = Debug|Any CPU
		{22BB0874-2694-4E6C-BA17-87B2599AFA62}.Debug|x86.ActiveCfg = Debug|Any CPU
		{22BB0874-2694-4E6C-BA17-87B2599AFA62}.Debug|x86.Build.0 = Debug|Any CPU
		{22BB0874-2694-4E6C-BA17-87B2599AFA62}.Release|Any CPU.ActiveCfg = Release|Any CPU
		{22BB0874-2694-4E6C-BA17-87B2599AFA62}.Release|Any CPU.Build.0 = Release|Any CPU
		{22BB0874-2694-4E6C-BA17-87B2599AFA62}.Release|x64.ActiveCfg = Release|Any CPU
		{22BB0874-2694-4E6C-BA17-87B2599AFA62}.Release|x64.Build.0 = Release|Any CPU
		{22BB0874-2694-4E6C-BA17-87B2599AFA62}.Release|x86.ActiveCfg = Release|Any CPU
		{22BB0874-2694-4E6C-BA17-87B2599AFA62}.Release|x86.Build.0 = Release|Any CPU
		{8BCEC889-1A51-4A0A-8014-27214ECD7739}.Debug|Any CPU.ActiveCfg = Debug|Any CPU
		{8BCEC889-1A51-4A0A-8014-27214ECD7739}.Debug|Any CPU.Build.0 = Debug|Any CPU
		{8BCEC889-1A51-4A0A-8014-27214ECD7739}.Debug|x64.ActiveCfg = Debug|Any CPU
		{8BCEC889-1A51-4A0A-8014-27214ECD7739}.Debug|x64.Build.0 = Debug|Any CPU
		{8BCEC889-1A51-4A0A-8014-27214ECD7739}.Debug|x86.ActiveCfg = Debug|Any CPU
		{8BCEC889-1A51-4A0A-8014-27214ECD7739}.Debug|x86.Build.0 = Debug|Any CPU
		{8BCEC889-1A51-4A0A-8014-27214ECD7739}.Release|Any CPU.ActiveCfg = Release|Any CPU
		{8BCEC889-1A51-4A0A-8014-27214ECD7739}.Release|Any CPU.Build.0 = Release|Any CPU
		{8BCEC889-1A51-4A0A-8014-27214ECD7739}.Release|x64.ActiveCfg = Release|Any CPU
		{8BCEC889-1A51-4A0A-8014-27214ECD7739}.Release|x64.Build.0 = Release|Any CPU
		{8BCEC889-1A51-4A0A-8014-27214ECD7739}.Release|x86.ActiveCfg = Release|Any CPU
		{8BCEC889-1A51-4A0A-8014-27214ECD7739}.Release|x86.Build.0 = Release|Any CPU
		{9C41B7ED-A923-4878-A7BA-3992E697144A}.Debug|Any CPU.ActiveCfg = Debug|Any CPU
		{9C41B7ED-A923-4878-A7BA-3992E697144A}.Debug|Any CPU.Build.0 = Debug|Any CPU
		{9C41B7ED-A923-4878-A7BA-3992E697144A}.Debug|x64.ActiveCfg = Debug|Any CPU
		{9C41B7ED-A923-4878-A7BA-3992E697144A}.Debug|x64.Build.0 = Debug|Any CPU
		{9C41B7ED-A923-4878-A7BA-3992E697144A}.Debug|x86.ActiveCfg = Debug|Any CPU
		{9C41B7ED-A923-4878-A7BA-3992E697144A}.Debug|x86.Build.0 = Debug|Any CPU
		{9C41B7ED-A923-4878-A7BA-3992E697144A}.Release|Any CPU.ActiveCfg = Release|Any CPU
		{9C41B7ED-A923-4878-A7BA-3992E697144A}.Release|Any CPU.Build.0 = Release|Any CPU
		{9C41B7ED-A923-4878-A7BA-3992E697144A}.Release|x64.ActiveCfg = Release|Any CPU
		{9C41B7ED-A923-4878-A7BA-3992E697144A}.Release|x64.Build.0 = Release|Any CPU
		{9C41B7ED-A923-4878-A7BA-3992E697144A}.Release|x86.ActiveCfg = Release|Any CPU
		{9C41B7ED-A923-4878-A7BA-3992E697144A}.Release|x86.Build.0 = Release|Any CPU
		{DCDB6D07-EC8F-4E8A-B6C8-A3B9089F9069}.Debug|Any CPU.ActiveCfg = Debug|Any CPU
		{DCDB6D07-EC8F-4E8A-B6C8-A3B9089F9069}.Debug|Any CPU.Build.0 = Debug|Any CPU
		{DCDB6D07-EC8F-4E8A-B6C8-A3B9089F9069}.Debug|x64.ActiveCfg = Debug|Any CPU
		{DCDB6D07-EC8F-4E8A-B6C8-A3B9089F9069}.Debug|x64.Build.0 = Debug|Any CPU
		{DCDB6D07-EC8F-4E8A-B6C8-A3B9089F9069}.Debug|x86.ActiveCfg = Debug|Any CPU
		{DCDB6D07-EC8F-4E8A-B6C8-A3B9089F9069}.Debug|x86.Build.0 = Debug|Any CPU
		{DCDB6D07-EC8F-4E8A-B6C8-A3B9089F9069}.Release|Any CPU.ActiveCfg = Release|Any CPU
		{DCDB6D07-EC8F-4E8A-B6C8-A3B9089F9069}.Release|Any CPU.Build.0 = Release|Any CPU
		{DCDB6D07-EC8F-4E8A-B6C8-A3B9089F9069}.Release|x64.ActiveCfg = Release|Any CPU
		{DCDB6D07-EC8F-4E8A-B6C8-A3B9089F9069}.Release|x64.Build.0 = Release|Any CPU
		{DCDB6D07-EC8F-4E8A-B6C8-A3B9089F9069}.Release|x86.ActiveCfg = Release|Any CPU
		{DCDB6D07-EC8F-4E8A-B6C8-A3B9089F9069}.Release|x86.Build.0 = Release|Any CPU
	EndGlobalSection
	GlobalSection(SolutionProperties) = preSolution
		HideSolutionNode = FALSE
	EndGlobalSection
	GlobalSection(NestedProjects) = preSolution
		{78E00622-5AF5-4E0F-919A-94BBDCC45176} = {827E0CD3-B72D-47B6-A68D-7590B98EB39B}
		{22BB0874-2694-4E6C-BA17-87B2599AFA62} = {827E0CD3-B72D-47B6-A68D-7590B98EB39B}
		{8BCEC889-1A51-4A0A-8014-27214ECD7739} = {827E0CD3-B72D-47B6-A68D-7590B98EB39B}
		{9C41B7ED-A923-4878-A7BA-3992E697144A} = {827E0CD3-B72D-47B6-A68D-7590B98EB39B}
		{DCDB6D07-EC8F-4E8A-B6C8-A3B9089F9069} = {0AB3BF05-4346-4AA6-1389-037BE0695223}
	EndGlobalSection
EndGlobal
